
Microsoft Visual Studio Solution File, Format Version 12.00
# Visual Studio Version 16
VisualStudioVersion = 16.0.31702.278
MinimumVisualStudioVersion = 10.0.40219.1
Project("{FAE04EC0-301F-11D3-BF4B-00C04F79EFBC}") = "Complexity", "Complexity\Complexity.csproj", "{1E3F3AD8-84C7-4DEF-929C-DD0CC07F5E6A}"
EndProject
Global
	GlobalSection(SolutionConfigurationPlatforms) = preSolution
		Debug|Any CPU = Debug|Any CPU
		Release|Any CPU = Release|Any CPU
	EndGlobalSection
	GlobalSection(ProjectConfigurationPlatforms) = postSolution
		{1E3F3AD8-84C7-4DEF-929C-DD0CC07F5E6A}.Debug|Any CPU.ActiveCfg = Debug|Any CPU
		{1E3F3AD8-84C7-4DEF-929C-DD0CC07F5E6A}.Debug|Any CPU.Build.0 = Debug|Any CPU
		{1E3F3AD8-84C7-4DEF-929C-DD0CC07F5E6A}.Release|Any CPU.ActiveCfg = Release|Any CPU
		{1E3F3AD8-84C7-4DEF-929C-DD0CC07F5E6A}.Release|Any CPU.Build.0 = Release|Any CPU
	EndGlobalSection
	GlobalSection(SolutionProperties) = preSolution
		HideSolutionNode = FALSE
	EndGlobalSection
	GlobalSection(ExtensibilityGlobals) = postSolution
		SolutionGuid = {B4D3EA26-11A8-4B12-A789-FD2DC1CDF50F}
	EndGlobalSection
EndGlobal
